
Microsoft Visual Studio Solution File, Format Version 12.00
Project("{FAE04EC0-301F-11D3-BF4B-00C04F79EFBC}") = "LoadingMultipleConfig", "LoadingMultipleConfig\LoadingMultipleConfig.csproj", "{9C99F544-BF02-45AA-9AD2-9911016403DD}"
EndProject
Project("{FAE04EC0-301F-11D3-BF4B-00C04F79EFBC}") = "LoadingMultipleConfig.Tests", "LoadingMultipleConfig.Tests\LoadingMultipleConfig.Tests.csproj", "{748DCA4F-EAB1-4B3B-A192-B16FC9E8D198}"
EndProject
Global
	GlobalSection(SolutionConfigurationPlatforms) = preSolution
		Debug|Any CPU = Debug|Any CPU
		Release|Any CPU = Release|Any CPU
	EndGlobalSection
	GlobalSection(ProjectConfigurationPlatforms) = postSolution
		{9C99F544-BF02-45AA-9AD2-9911016403DD}.Debug|Any CPU.ActiveCfg = Debug|Any CPU
		{9C99F544-BF02-45AA-9AD2-9911016403DD}.Debug|Any CPU.Build.0 = Debug|Any CPU
		{9C99F544-BF02-45AA-9AD2-9911016403DD}.Release|Any CPU.ActiveCfg = Release|Any CPU
		{9C99F544-BF02-45AA-9AD2-9911016403DD}.Release|Any CPU.Build.0 = Release|Any CPU
		{748DCA4F-EAB1-4B3B-A192-B16FC9E8D198}.Debug|Any CPU.ActiveCfg = Debug|Any CPU
		{748DCA4F-EAB1-4B3B-A192-B16FC9E8D198}.Debug|Any CPU.Build.0 = Debug|Any CPU
		{748DCA4F-EAB1-4B3B-A192-B16FC9E8D198}.Release|Any CPU.ActiveCfg = Release|Any CPU
		{748DCA4F-EAB1-4B3B-A192-B16FC9E8D198}.Release|Any CPU.Build.0 = Release|Any CPU
	EndGlobalSection
EndGlobal
